PODS:
  - AFNetworkingModule (0.0.1)
  - Alamofire (5.6.1)

DEPENDENCIES:
  - AFNetworkingModule (from `.`)
  - Alamofire

SPEC REPOS:
  trunk:
    - Alamofire

EXTERNAL SOURCES:
  AFNetworkingModule:
    :path: "."

SPEC CHECKSUMS:
  AFNetworkingModule: da8f723538def24c04a87173deb90467c3a2bb91
  Alamofire: 87bd8c952f9a4454320fce00d9cc3de57bcadaf5

PODFILE CHECKSUM: 605511b95626604df323deafd5c0c6d7f75791fa

COCOAPODS: 1.11.3
