PODS:
  - AFNetworkingModule (0.0.1):
    - Alamofire
  - Alamofire (5.6.1)

DEPENDENCIES:
  - AFNetworkingModule (from `.`)
  - Alamofire

SPEC REPOS:
  trunk:
    - Alamofire

EXTERNAL SOURCES:
  AFNetworkingModule:
    :path: "."

SPEC CHECKSUMS:
  AFNetworkingModule: e93f51989ae09119db4fc630c46b6b478245589a
  Alamofire: 87bd8c952f9a4454320fce00d9cc3de57bcadaf5

PODFILE CHECKSUM: 605511b95626604df323deafd5c0c6d7f75791fa

COCOAPODS: 1.11.3
